
Microsoft Visual Studio Solution File, Format Version 12.00
# Visual Studio Version 16
VisualStudioVersion = 16.0.30128.74
MinimumVisualStudioVersion = 10.0.40219.1
Project("{9A19103F-16F7-4668-BE54-9A1E7A4F7556}") = "HCProject.Admin", "HCProjectAdmin\HCProject.Admin.csproj", "{0675EEF2-6FEF-4112-AA77-5F08EB5897E0}"
EndProject
Project("{9A19103F-16F7-4668-BE54-9A1E7A4F7556}") = "HCProject.Domain", "HCProject.Domain\HCProject.Domain.csproj", "{16527978-1D85-42FD-AE1E-D8A92200818E}"
EndProject
Project("{9A19103F-16F7-4668-BE54-9A1E7A4F7556}") = "HCProject.Data", "HCProject.Data\HCProject.Data.csproj", "{B909DBB7-8489-444E-86DF-2916F19670D4}"
	ProjectSection(ProjectDependencies) = postProject
		{16527978-1D85-42FD-AE1E-D8A92200818E} = {16527978-1D85-42FD-AE1E-D8A92200818E}
	EndProjectSection
EndProject
Project("{9A19103F-16F7-4668-BE54-9A1E7A4F7556}") = "HCProject.Candidato", "HCProject.Candidato\HCProject.Candidato.csproj", "{624FC8EB-E1A5-47B4-AB69-02664F392C39}"
EndProject
Global
	GlobalSection(SolutionConfigurationPlatforms) = preSolution
		Debug|Any CPU = Debug|Any CPU
		Release|Any CPU = Release|Any CPU
	EndGlobalSection
	GlobalSection(ProjectConfigurationPlatforms) = postSolution
		{0675EEF2-6FEF-4112-AA77-5F08EB5897E0}.Debug|Any CPU.ActiveCfg = Debug|Any CPU
		{0675EEF2-6FEF-4112-AA77-5F08EB5897E0}.Debug|Any CPU.Build.0 = Debug|Any CPU
		{0675EEF2-6FEF-4112-AA77-5F08EB5897E0}.Release|Any CPU.ActiveCfg = Release|Any CPU
		{0675EEF2-6FEF-4112-AA77-5F08EB5897E0}.Release|Any CPU.Build.0 = Release|Any CPU
		{16527978-1D85-42FD-AE1E-D8A92200818E}.Debug|Any CPU.ActiveCfg = Debug|Any CPU
		{16527978-1D85-42FD-AE1E-D8A92200818E}.Debug|Any CPU.Build.0 = Debug|Any CPU
		{16527978-1D85-42FD-AE1E-D8A92200818E}.Release|Any CPU.ActiveCfg = Release|Any CPU
		{16527978-1D85-42FD-AE1E-D8A92200818E}.Release|Any CPU.Build.0 = Release|Any CPU
		{B909DBB7-8489-444E-86DF-2916F19670D4}.Debug|Any CPU.ActiveCfg = Debug|Any CPU
		{B909DBB7-8489-444E-86DF-2916F19670D4}.Debug|Any CPU.Build.0 = Debug|Any CPU
		{B909DBB7-8489-444E-86DF-2916F19670D4}.Release|Any CPU.ActiveCfg = Release|Any CPU
		{B909DBB7-8489-444E-86DF-2916F19670D4}.Release|Any CPU.Build.0 = Release|Any CPU
		{624FC8EB-E1A5-47B4-AB69-02664F392C39}.Debug|Any CPU.ActiveCfg = Debug|Any CPU
		{624FC8EB-E1A5-47B4-AB69-02664F392C39}.Debug|Any CPU.Build.0 = Debug|Any CPU
		{624FC8EB-E1A5-47B4-AB69-02664F392C39}.Release|Any CPU.ActiveCfg = Release|Any CPU
		{624FC8EB-E1A5-47B4-AB69-02664F392C39}.Release|Any CPU.Build.0 = Release|Any CPU
	EndGlobalSection
	GlobalSection(SolutionProperties) = preSolution
		HideSolutionNode = FALSE
	EndGlobalSection
	GlobalSection(ExtensibilityGlobals) = postSolution
		SolutionGuid = {38ECC898-5715-4DDC-B70C-A75EA0418FB2}
	EndGlobalSection
EndGlobal
